# generated by rye
# use `rye lock` or `rye sync` to update this lockfile
#
# last locked with the following flags:
#   pre: false
#   features: []
#   all-features: false

-e file:.
annotated-types==0.5.0
beautifulsoup4==4.12.2
black==23.7.0
certifi==2023.7.22
charset-normalizer==3.2.0
click==8.1.6
codecov==2.1.13
coverage==7.2.7
idna==3.4
iniconfig==2.0.0
metaboatrace-models==2.1.6
mypy==1.4.1
mypy-extensions==1.0.0
numpy==1.25.2
packaging==23.1
pathspec==0.11.1
platformdirs==3.9.1
pluggy==1.2.0
pydantic==2.0.3
pydantic-core==2.3.0
pytest==7.4.3
pytest-cov==4.1.0
pytz==2023.3.post1
requests==2.31.0
soupsieve==2.4.1
types-pytz==2023.3.1.1
typing-extensions==4.7.1
urllib3==2.0.4
