version = 1
revision = 3
requires-python = ">=3.11"

[[package]]
name = "attrs"
version = "25.3.0"
source = { registry = "https://pypi.org/simple" }
sdist = { url = "https://files.pythonhosted.org/packages/5a/b0/1367933a8532ee6ff8d63537de4f1177af4bff9f3e829baf7331f595bb24/attrs-25.3.0.tar.gz", hash = "sha256:75d7cefc7fb576747b2c81b4442d4d4a1ce0900973527c011d1030fd3bf4af1b", size = 812032, upload-time = "2025-03-13T11:10:22.779Z" }
wheels = [
    { url = "https://files.pythonhosted.org/packages/77/06/bb80f5f86020c4551da315d78b3ab75e8228f89f0162f2c3a819e407941a/attrs-25.3.0-py3-none-any.whl", hash = "sha256:427318ce031701fea540783410126f03899a97ffc6f61596ad581ac2e40e3bc3", size = 63815, upload-time = "2025-03-13T11:10:21.14Z" },
]

[[package]]
name = "colorama"
version = "0.4.6"
source = { registry = "https://pypi.org/simple" }
sdist = { url = "https://files.pythonhosted.org/packages/d8/53/6f443c9a4a8358a93a6792e2acffb9d9d5cb0a5cfd8802644b7b1c9a02e4/colorama-0.4.6.tar.gz", hash = "sha256:08695f5cb7ed6e0531a20572697297273c47b8cae5a63ffc6d6ed5c201be6e44", size = 27697, upload-time = "2022-10-25T02:36:22.414Z" }
wheels = [
    { url = "https://files.pythonhosted.org/packages/d1/d6/3965ed04c63042e047cb6a3e6ed1a63a35087b6a609aa3a15ed8ac56c221/colorama-0.4.6-py2.py3-none-any.whl", hash = "sha256:4f1d9991f5acc0ca119f9d443620b77f9d6b33703e51011c16baf57afb285fc6", size = 25335, upload-time = "2022-10-25T02:36:20.889Z" },
]

[[package]]
name = "hypothesis"
version = "6.138.3"
source = { registry = "https://pypi.org/simple" }
dependencies = [
    { name = "attrs" },
    { name = "sortedcontainers" },
]
sdist = { url = "https://files.pythonhosted.org/packages/19/28/9aa38d1cf2b00d385926fd44318d2b49948c060969ab29e82e8bb654b16c/hypothesis-6.138.3.tar.gz", hash = "sha256:9bffd1382b99e67c46512dac45ec013bae4b39d3d0ef98f0d87535f06d8efc9e", size = 463165, upload-time = "2025-08-24T07:29:16.34Z" }
wheels = [
    { url = "https://files.pythonhosted.org/packages/20/60/7db4d683d27b24a6dfd8f82ef28332d20b0d99a976ae696569622383c900/hypothesis-6.138.3-py3-none-any.whl", hash = "sha256:19291d3ba478527155c34704b038a21ba86b2f31d36673446f981a67f705b3f4", size = 530081, upload-time = "2025-08-24T07:29:12.862Z" },
]

[[package]]
name = "iniconfig"
version = "2.1.0"
source = { registry = "https://pypi.org/simple" }
sdist = { url = "https://files.pythonhosted.org/packages/f2/97/ebf4da567aa6827c909642694d71c9fcf53e5b504f2d96afea02718862f3/iniconfig-2.1.0.tar.gz", hash = "sha256:3abbd2e30b36733fee78f9c7f7308f2d0050e88f0087fd25c2645f63c773e1c7", size = 4793, upload-time = "2025-03-19T20:09:59.721Z" }
wheels = [
    { url = "https://files.pythonhosted.org/packages/2c/e1/e6716421ea10d38022b952c159d5161ca1193197fb744506875fbb87ea7b/iniconfig-2.1.0-py3-none-any.whl", hash = "sha256:9deba5723312380e77435581c6bf4935c94cbfab9b1ed33ef8d238ea168eb760", size = 6050, upload-time = "2025-03-19T20:10:01.071Z" },
]

[[package]]
name = "maturin"
version = "1.9.3"
source = { registry = "https://pypi.org/simple" }
sdist = { url = "https://files.pythonhosted.org/packages/b5/41/09562a4e76bea332f140aa42e768ac45a1681f2d438e918ab23fad47ad67/maturin-1.9.3.tar.gz", hash = "sha256:267ac8d0471d1ee2320b8b2ee36f400a32cd2492d7becbd0d976bd3503c2f69b", size = 212713, upload-time = "2025-08-04T11:51:01.884Z" }
wheels = [
    { url = "https://files.pythonhosted.org/packages/59/59/3ca70205b55e722edab4b63867b175476ad1724fdedf59d03aebd27ebdf8/maturin-1.9.3-py3-none-linux_armv6l.whl", hash = "sha256:acbfbf9bf9f01dca27794de689e0f8bb85db600cf88662b3e44715aae8a5547e", size = 8275610, upload-time = "2025-08-04T11:50:30.4Z" },
    { url = "https://files.pythonhosted.org/packages/aa/12/f3bb90f1093eea1b9e4b2793be222aaccfd7c79c6d8f7f488082e0afb481/maturin-1.9.3-py3-none-macosx_10_12_x86_64.macosx_11_0_arm64.macosx_10_12_universal2.whl", hash = "sha256:7efca8a7155d9b4f00e85eb334ca2524acc61cf93193df1282060e24a36d09f7", size = 16067312, upload-time = "2025-08-04T11:50:34.197Z" },
    { url = "https://files.pythonhosted.org/packages/ac/2f/faf28bdfba79d565b2b348dabb4bd86b1471d516efb3b9a7c6eb2a4e11dc/maturin-1.9.3-py3-none-macosx_10_12_x86_64.whl", hash = "sha256:d71e8ccfc96602b25ecca77074b4a3459f419ab29505e966b9f1e7cc316f7a3e", size = 8428325, upload-time = "2025-08-04T11:50:36.917Z" },
    { url = "https://files.pythonhosted.org/packages/50/68/f37c97657e98b24217495f44a8aab507bd4ba8be7d1512329950450243da/maturin-1.9.3-py3-none-manylinux_2_12_i686.manylinux2010_i686.musllinux_1_1_i686.whl", hash = "sha256:f29cb1068396ee0376cf5b9f4dce706bea9f768555831d44259b316e25ce311d", size = 8283900, upload-time = "2025-08-04T11:50:39.044Z" },
    { url = "https://files.pythonhosted.org/packages/0e/fb/d0297853d0071f7977d8bc1ddfcf4b0c36aa6db1123a1ee324962cf3525b/maturin-1.9.3-py3-none-manylinux_2_12_x86_64.manylinux2010_x86_64.musllinux_1_1_x86_64.whl", hash = "sha256:45d9909651a79186faf1bfaa0202204957870b30ce3bbd68516028f990a3cb38", size = 8795436, upload-time = "2025-08-04T11:50:41.339Z" },
    { url = "https://files.pythonhosted.org/packages/3d/96/1544cc829237424c9af7e474bc5fb707386e0f0e995d59077e230b3945e9/maturin-1.9.3-py3-none-manylinux_2_17_aarch64.manylinux2014_aarch64.musllinux_1_1_aarch64.whl", hash = "sha256:b17d5a4fe513d92ae96d27c2bc5c12ea024a69d8b6ac27f79e67b19f0fd004fa", size = 8051821, upload-time = "2025-08-04T11:50:44.011Z" },
    { url = "https://files.pythonhosted.org/packages/9b/ae/308cef03d6e84dc6220fb6a1f564af94794ab8c1a9a70edd1a471451e762/maturin-1.9.3-py3-none-manylinux_2_17_armv7l.manylinux2014_armv7l.musllinux_1_1_armv7l.whl", hash = "sha256:8eab2457dc16194790cbdb11693ba13b8e130923a87fafa36d7c5800e587bf2b", size = 8134424, upload-time = "2025-08-04T11:50:46.09Z" },
    { url = "https://files.pythonhosted.org/packages/e9/06/8f83e0a50523c58f4162ace7bb9e82e62b6e8072883f966fe3c449c5bdef/maturin-1.9.3-py3-none-manylinux_2_17_ppc64le.manylinux2014_ppc64le.musllinux_1_1_ppc64le.whl", hash = "sha256:30dae97d78fd8dc0a5648bf3f051581ea3a3cbfd93e20a368d48d00c464e3b3a", size = 10585373, upload-time = "2025-08-04T11:50:48.396Z" },
    { url = "https://files.pythonhosted.org/packages/36/ed/08aa3ce61a3cd21bc065af2892ca18e475df2e84c64b57a8828cc24985d4/maturin-1.9.3-py3-none-manylinux_2_17_s390x.manylinux2014_s390x.whl", hash = "sha256:bb9718d6bb7f2d539a5ff7891fe862fcaa9a75d4ea58176446030ecb5d903ceb", size = 8949689, upload-time = "2025-08-04T11:50:50.593Z" },
    { url = "https://files.pythonhosted.org/packages/88/c6/1c639c9f181f492c3d28c9fd77dae99f8570ff19464573e9386a1d28034c/maturin-1.9.3-py3-none-manylinux_2_39_riscv64.whl", hash = "sha256:68a70db3b08b39f849f1ef7d214bee94141883d095e171f94badddaf56b4d60d", size = 8545909, upload-time = "2025-08-04T11:50:52.751Z" },
    { url = "https://files.pythonhosted.org/packages/e2/d4/6be70e1df56c803bbfb3725418e84ef767de13c71908368dcc898068b0c3/maturin-1.9.3-py3-none-win32.whl", hash = "sha256:8c8ba5fb75827d037c6ccddda43a3cbcb428778cc6d3c6972785bb0b351f2786", size = 7265611, upload-time = "2025-08-04T11:50:55.348Z" },
    { url = "https://files.pythonhosted.org/packages/a6/59/42c83e3234a57b6132b2a875137818aabe79ec3621f08320ff52798fd352/maturin-1.9.3-py3-none-win_amd64.whl", hash = "sha256:3dbd698ddc8ebd415ed9f5558730677b6b07984e19769c8194c249145d19aa14", size = 8285724, upload-time = "2025-08-04T11:50:57.273Z" },
    { url = "https://files.pythonhosted.org/packages/e9/ea/cd66332cfb2c4f5a264c15da7f98333c63daa00180a03d0b188899b1be76/maturin-1.9.3-py3-none-win_arm64.whl", hash = "sha256:fb2ee86861e72495eb9afd83f3672de0e4061740247f14492703c189829e7928", size = 6926056, upload-time = "2025-08-04T11:50:59.654Z" },
]

[[package]]
name = "packaging"
version = "25.0"
source = { registry = "https://pypi.org/simple" }
sdist = { url = "https://files.pythonhosted.org/packages/a1/d4/1fc4078c65507b51b96ca8f8c3ba19e6a61c8253c72794544580a7b6c24d/packaging-25.0.tar.gz", hash = "sha256:d443872c98d677bf60f6a1f2f8c1cb748e8fe762d2bf9d3148b5599295b0fc4f", size = 165727, upload-time = "2025-04-19T11:48:59.673Z" }
wheels = [
    { url = "https://files.pythonhosted.org/packages/20/12/38679034af332785aac8774540895e234f4d07f7545804097de4b666afd8/packaging-25.0-py3-none-any.whl", hash = "sha256:29572ef2b1f17581046b3a2227d5c611fb25ec70ca1ba8554b24b0e69331a484", size = 66469, upload-time = "2025-04-19T11:48:57.875Z" },
]

[[package]]
name = "pluggy"
version = "1.6.0"
source = { registry = "https://pypi.org/simple" }
sdist = { url = "https://files.pythonhosted.org/packages/f9/e2/3e91f31a7d2b083fe6ef3fa267035b518369d9511ffab804f839851d2779/pluggy-1.6.0.tar.gz", hash = "sha256:7dcc130b76258d33b90f61b658791dede3486c3e6bfb003ee5c9bfb396dd22f3", size = 69412, upload-time = "2025-05-15T12:30:07.975Z" }
wheels = [
    { url = "https://files.pythonhosted.org/packages/54/20/4d324d65cc6d9205fabedc306948156824eb9f0ee1633355a8f7ec5c66bf/pluggy-1.6.0-py3-none-any.whl", hash = "sha256:e920276dd6813095e9377c0bc5566d94c932c33b27a3e3945d8389c374dd4746", size = 20538, upload-time = "2025-05-15T12:30:06.134Z" },
]

[[package]]
name = "polars"
version = "1.32.3"
source = { registry = "https://pypi.org/simple" }
sdist = { url = "https://files.pythonhosted.org/packages/aa/f2/1a76a8bd902bc4942e435a480f362c8687bba60d438ff3283191e38568fa/polars-1.32.3.tar.gz", hash = "sha256:57c500dc1b5cba49b0589034478db031815f3d57a20cb830b05ecee1a9ba56b1", size = 4838448, upload-time = "2025-08-14T17:28:10.702Z" }
wheels = [
    { url = "https://files.pythonhosted.org/packages/4c/9b/5937ab9f8fa49c8e00617aeb817a5ffa5740434d5bb8a90f2afa657875aa/polars-1.32.3-cp39-abi3-macosx_10_12_x86_64.whl", hash = "sha256:c7c472ea1d50a5104079cb64e34f78f85774bcc69b875ba8daf21233f4c70d42", size = 37935794, upload-time = "2025-08-14T17:26:55.565Z" },
    { url = "https://files.pythonhosted.org/packages/6e/e9/88f5332001b9dd5c8e0a4fab51015f740e01715a081c41bc0f7ad2bf76a5/polars-1.32.3-cp39-abi3-macosx_11_0_arm64.whl", hash = "sha256:fd87275f0cc795e72a2030b58293198cfa748d4b009cf52218e27db5397ed07f", size = 34621102, upload-time = "2025-08-14T17:27:00.521Z" },
    { url = "https://files.pythonhosted.org/packages/ab/8a/6f56af7e535c34c95decc8654786bfce4632ba32817dc2f8bad18571ef9a/polars-1.32.3-cp39-abi3-manylinux_2_17_x86_64.manylinux2014_x86_64.whl", hash = "sha256:c9a9b9668ef310e5a77a7e7daa9c753874779c8da52e93f654bfd7953eb4b60b", size = 38443071, upload-time = "2025-08-14T17:27:08.382Z" },
    { url = "https://files.pythonhosted.org/packages/46/aa/63536ea5780edc0ef6850679dc81d519f3966c7bb11a5cf10ccecb541095/polars-1.32.3-cp39-abi3-manylinux_2_24_aarch64.whl", hash = "sha256:c8f5d2f43b80b68e39bfaa2948ce632563633466576f12e74e8560d6481f5851", size = 35639598, upload-time = "2025-08-14T17:27:12.261Z" },
    { url = "https://files.pythonhosted.org/packages/d7/c8/226953cda6cf9ae63aa9714d396a9138029e31db3c504c15d6711b618f8f/polars-1.32.3-cp39-abi3-win_amd64.whl", hash = "sha256:db56a7cb4898e173d62634e182f74bdff744c62be5470e0fe20df8d10f659af7", size = 38038192, upload-time = "2025-08-14T17:27:15.993Z" },
    { url = "https://files.pythonhosted.org/packages/ec/99/6b93c854e602927a778eabd7550204f700cc4e6c07be73372371583dda3e/polars-1.32.3-cp39-abi3-win_arm64.whl", hash = "sha256:a2e3f87c60f54eefe67b1bebd3105918d84df0fd6d59cc6b870c2f16d2d26ca1", size = 34198919, upload-time = "2025-08-14T17:27:21.423Z" },
]

[[package]]
name = "polars-uuid"
source = { editable = "." }

[package.dev-dependencies]
dev = [
    { name = "hypothesis" },
    { name = "maturin" },
    { name = "polars" },
    { name = "pytest" },
    { name = "ruff" },
]

[package.metadata]

[package.metadata.requires-dev]
dev = [
    { name = "hypothesis", specifier = ">=6.137.1" },
    { name = "maturin", specifier = ">=1.9.0" },
    { name = "polars", specifier = ">=1.31.0,!=1.32.2" },
    { name = "pytest", specifier = ">=8.3.5" },
    { name = "ruff", specifier = ">=0.12.2" },
]

[[package]]
name = "pygments"
version = "2.19.2"
source = { registry = "https://pypi.org/simple" }
sdist = { url = "https://files.pythonhosted.org/packages/b0/77/a5b8c569bf593b0140bde72ea885a803b82086995367bf2037de0159d924/pygments-2.19.2.tar.gz", hash = "sha256:636cb2477cec7f8952536970bc533bc43743542f70392ae026374600add5b887", size = 4968631, upload-time = "2025-06-21T13:39:12.283Z" }
wheels = [
    { url = "https://files.pythonhosted.org/packages/c7/21/705964c7812476f378728bdf590ca4b771ec72385c533964653c68e86bdc/pygments-2.19.2-py3-none-any.whl", hash = "sha256:86540386c03d588bb81d44bc3928634ff26449851e99741617ecb9037ee5ec0b", size = 1225217, upload-time = "2025-06-21T13:39:07.939Z" },
]

[[package]]
name = "pytest"
version = "8.4.1"
source = { registry = "https://pypi.org/simple" }
dependencies = [
    { name = "colorama", marker = "sys_platform == 'win32'" },
    { name = "iniconfig" },
    { name = "packaging" },
    { name = "pluggy" },
    { name = "pygments" },
]
sdist = { url = "https://files.pythonhosted.org/packages/08/ba/45911d754e8eba3d5a841a5ce61a65a685ff1798421ac054f85aa8747dfb/pytest-8.4.1.tar.gz", hash = "sha256:7c67fd69174877359ed9371ec3af8a3d2b04741818c51e5e99cc1742251fa93c", size = 1517714, upload-time = "2025-06-18T05:48:06.109Z" }
wheels = [
    { url = "https://files.pythonhosted.org/packages/29/16/c8a903f4c4dffe7a12843191437d7cd8e32751d5de349d45d3fe69544e87/pytest-8.4.1-py3-none-any.whl", hash = "sha256:539c70ba6fcead8e78eebbf1115e8b589e7565830d7d006a8723f19ac8a0afb7", size = 365474, upload-time = "2025-06-18T05:48:03.955Z" },
]

[[package]]
name = "ruff"
version = "0.12.10"
source = { registry = "https://pypi.org/simple" }
sdist = { url = "https://files.pythonhosted.org/packages/3b/eb/8c073deb376e46ae767f4961390d17545e8535921d2f65101720ed8bd434/ruff-0.12.10.tar.gz", hash = "sha256:189ab65149d11ea69a2d775343adf5f49bb2426fc4780f65ee33b423ad2e47f9", size = 5310076, upload-time = "2025-08-21T18:23:22.595Z" }
wheels = [
    { url = "https://files.pythonhosted.org/packages/24/e7/560d049d15585d6c201f9eeacd2fd130def3741323e5ccf123786e0e3c95/ruff-0.12.10-py3-none-linux_armv6l.whl", hash = "sha256:8b593cb0fb55cc8692dac7b06deb29afda78c721c7ccfed22db941201b7b8f7b", size = 11935161, upload-time = "2025-08-21T18:22:26.965Z" },
    { url = "https://files.pythonhosted.org/packages/d1/b0/ad2464922a1113c365d12b8f80ed70fcfb39764288ac77c995156080488d/ruff-0.12.10-py3-none-macosx_10_12_x86_64.whl", hash = "sha256:ebb7333a45d56efc7c110a46a69a1b32365d5c5161e7244aaf3aa20ce62399c1", size = 12660884, upload-time = "2025-08-21T18:22:30.925Z" },
    { url = "https://files.pythonhosted.org/packages/d7/f1/97f509b4108d7bae16c48389f54f005b62ce86712120fd8b2d8e88a7cb49/ruff-0.12.10-py3-none-macosx_11_0_arm64.whl", hash = "sha256:d59e58586829f8e4a9920788f6efba97a13d1fa320b047814e8afede381c6839", size = 11872754, upload-time = "2025-08-21T18:22:34.035Z" },
    { url = "https://files.pythonhosted.org/packages/12/ad/44f606d243f744a75adc432275217296095101f83f966842063d78eee2d3/ruff-0.12.10-py3-none-manylinux_2_17_aarch64.manylinux2014_aarch64.whl", hash = "sha256:822d9677b560f1fdeab69b89d1f444bf5459da4aa04e06e766cf0121771ab844", size = 12092276, upload-time = "2025-08-21T18:22:36.764Z" },
    { url = "https://files.pythonhosted.org/packages/06/1f/ed6c265e199568010197909b25c896d66e4ef2c5e1c3808caf461f6f3579/ruff-0.12.10-py3-none-manylinux_2_17_armv7l.manylinux2014_armv7l.whl", hash = "sha256:37b4a64f4062a50c75019c61c7017ff598cb444984b638511f48539d3a1c98db", size = 11734700, upload-time = "2025-08-21T18:22:39.822Z" },
    { url = "https://files.pythonhosted.org/packages/63/c5/b21cde720f54a1d1db71538c0bc9b73dee4b563a7dd7d2e404914904d7f5/ruff-0.12.10-py3-none-manylinux_2_17_i686.manylinux2014_i686.whl", hash = "sha256:2c6f4064c69d2542029b2a61d39920c85240c39837599d7f2e32e80d36401d6e", size = 13468783, upload-time = "2025-08-21T18:22:42.559Z" },
    { url = "https://files.pythonhosted.org/packages/02/9e/39369e6ac7f2a1848f22fb0b00b690492f20811a1ac5c1fd1d2798329263/ruff-0.12.10-py3-none-manylinux_2_17_ppc64.manylinux2014_ppc64.whl", hash = "sha256:059e863ea3a9ade41407ad71c1de2badfbe01539117f38f763ba42a1206f7559", size = 14436642, upload-time = "2025-08-21T18:22:45.612Z" },
    { url = "https://files.pythonhosted.org/packages/e3/03/5da8cad4b0d5242a936eb203b58318016db44f5c5d351b07e3f5e211bb89/ruff-0.12.10-py3-none-manylinux_2_17_ppc64le.manylinux2014_ppc64le.whl", hash = "sha256:1bef6161e297c68908b7218fa6e0e93e99a286e5ed9653d4be71e687dff101cf", size = 13859107, upload-time = "2025-08-21T18:22:48.886Z" },
    { url = "https://files.pythonhosted.org/packages/19/19/dd7273b69bf7f93a070c9cec9494a94048325ad18fdcf50114f07e6bf417/ruff-0.12.10-py3-none-manylinux_2_17_s390x.manylinux2014_s390x.whl", hash = "sha256:4f1345fbf8fb0531cd722285b5f15af49b2932742fc96b633e883da8d841896b", size = 12886521, upload-time = "2025-08-21T18:22:51.567Z" },
    { url = "https://files.pythonhosted.org/packages/c0/1d/b4207ec35e7babaee62c462769e77457e26eb853fbdc877af29417033333/ruff-0.12.10-py3-none-manylinux_2_17_x86_64.manylinux2014_x86_64.whl", hash = "sha256:1f68433c4fbc63efbfa3ba5db31727db229fa4e61000f452c540474b03de52a9", size = 13097528, upload-time = "2025-08-21T18:22:54.609Z" },
    { url = "https://files.pythonhosted.org/packages/ff/00/58f7b873b21114456e880b75176af3490d7a2836033779ca42f50de3b47a/ruff-0.12.10-py3-none-manylinux_2_31_riscv64.whl", hash = "sha256:141ce3d88803c625257b8a6debf4a0473eb6eed9643a6189b68838b43e78165a", size = 13080443, upload-time = "2025-08-21T18:22:57.413Z" },
    { url = "https://files.pythonhosted.org/packages/12/8c/9e6660007fb10189ccb78a02b41691288038e51e4788bf49b0a60f740604/ruff-0.12.10-py3-none-musllinux_1_2_aarch64.whl", hash = "sha256:f3fc21178cd44c98142ae7590f42ddcb587b8e09a3b849cbc84edb62ee95de60", size = 11896759, upload-time = "2025-08-21T18:23:00.473Z" },
    { url = "https://files.pythonhosted.org/packages/67/4c/6d092bb99ea9ea6ebda817a0e7ad886f42a58b4501a7e27cd97371d0ba54/ruff-0.12.10-py3-none-musllinux_1_2_armv7l.whl", hash = "sha256:7d1a4e0bdfafcd2e3e235ecf50bf0176f74dd37902f241588ae1f6c827a36c56", size = 11701463, upload-time = "2025-08-21T18:23:03.211Z" },
    { url = "https://files.pythonhosted.org/packages/59/80/d982c55e91df981f3ab62559371380616c57ffd0172d96850280c2b04fa8/ruff-0.12.10-py3-none-musllinux_1_2_i686.whl", hash = "sha256:e67d96827854f50b9e3e8327b031647e7bcc090dbe7bb11101a81a3a2cbf1cc9", size = 12691603, upload-time = "2025-08-21T18:23:06.935Z" },
    { url = "https://files.pythonhosted.org/packages/ad/37/63a9c788bbe0b0850611669ec6b8589838faf2f4f959647f2d3e320383ae/ruff-0.12.10-py3-none-musllinux_1_2_x86_64.whl", hash = "sha256:ae479e1a18b439c59138f066ae79cc0f3ee250712a873d00dbafadaad9481e5b", size = 13164356, upload-time = "2025-08-21T18:23:10.225Z" },
    { url = "https://files.pythonhosted.org/packages/47/d4/1aaa7fb201a74181989970ebccd12f88c0fc074777027e2a21de5a90657e/ruff-0.12.10-py3-none-win32.whl", hash = "sha256:9de785e95dc2f09846c5e6e1d3a3d32ecd0b283a979898ad427a9be7be22b266", size = 11896089, upload-time = "2025-08-21T18:23:14.232Z" },
    { url = "https://files.pythonhosted.org/packages/ad/14/2ad38fd4037daab9e023456a4a40ed0154e9971f8d6aed41bdea390aabd9/ruff-0.12.10-py3-none-win_amd64.whl", hash = "sha256:7837eca8787f076f67aba2ca559cefd9c5cbc3a9852fd66186f4201b87c1563e", size = 13004616, upload-time = "2025-08-21T18:23:17.422Z" },
    { url = "https://files.pythonhosted.org/packages/24/3c/21cf283d67af33a8e6ed242396863af195a8a6134ec581524fd22b9811b6/ruff-0.12.10-py3-none-win_arm64.whl", hash = "sha256:cc138cc06ed9d4bfa9d667a65af7172b47840e1a98b02ce7011c391e54635ffc", size = 12074225, upload-time = "2025-08-21T18:23:20.137Z" },
]

[[package]]
name = "sortedcontainers"
version = "2.4.0"
source = { registry = "https://pypi.org/simple" }
sdist = { url = "https://files.pythonhosted.org/packages/e8/c4/ba2f8066cceb6f23394729afe52f3bf7adec04bf9ed2c820b39e19299111/sortedcontainers-2.4.0.tar.gz", hash = "sha256:25caa5a06cc30b6b83d11423433f65d1f9d76c4c6a0c90e3379eaa43b9bfdb88", size = 30594, upload-time = "2021-05-16T22:03:42.897Z" }
wheels = [
    { url = "https://files.pythonhosted.org/packages/32/46/9cb0e58b2deb7f82b84065f37f3bffeb12413f947f9388e4cac22c4621ce/sortedcontainers-2.4.0-py2.py3-none-any.whl", hash = "sha256:a163dcaede0f1c021485e957a39245190e74249897e2ae4b2aa38595db237ee0", size = 29575, upload-time = "2021-05-16T22:03:41.177Z" },
]
